
Microsoft Visual Studio Solution File, Format Version 12.00
# Visual Studio 2012
Project("{FAE04EC0-301F-11D3-BF4B-00C04F79EFBC}") = "Ris.Win", "Ris.Win\Ris.Win.csproj", "{4EA291D0-9940-4ED3-AC51-AFF8E81760B7}"
EndProject
Project("{FAE04EC0-301F-11D3-BF4B-00C04F79EFBC}") = "Ris.Interfaces", "Ris.Interfaces\Ris.Interfaces.csproj", "{B7B97A67-DDB3-4941-A844-7C0E8986FD20}"
EndProject
Project("{FAE04EC0-301F-11D3-BF4B-00C04F79EFBC}") = "Ris.Core", "Ris.Core\Ris.Core.csproj", "{6787F6A1-7518-4012-9AFF-479543E482E4}"
EndProject
Project("{FAE04EC0-301F-11D3-BF4B-00C04F79EFBC}") = "Ris.EntityFramework", "Ris.EntityFramework\Ris.EntityFramework.csproj", "{A1B37089-F7C5-4D33-839E-A9E249AC9A20}"
EndProject
Project("{FAE04EC0-301F-11D3-BF4B-00C04F79EFBC}") = "Ris.UnitTests", "Ris.UnitTests\Ris.UnitTests.csproj", "{79F33C64-4998-4141-AB6F-2828E246B389}"
EndProject
Project("{FAE04EC0-301F-11D3-BF4B-00C04F79EFBC}") = "Ris.Web", "Ris.Web\Ris.Web.csproj", "{F050CE1A-E168-4981-B552-3EFB46C2F27E}"
EndProject
Project("{FAE04EC0-301F-11D3-BF4B-00C04F79EFBC}") = "Ris.AgencijskeVesti", "Ris.AgencijskeVesti\Ris.AgencijskeVesti.csproj", "{8288B17F-9F9D-44A3-BACF-FCA9585568A9}"
EndProject
Project("{FAE04EC0-301F-11D3-BF4B-00C04F79EFBC}") = "Ris.Services", "Ris.Services\Ris.Services.csproj", "{B59F72B6-304E-4748-83F0-1DB9DC46ACCA}"
EndProject
Global
	GlobalSection(SolutionConfigurationPlatforms) = preSolution
		CD_ROM|Any CPU = CD_ROM|Any CPU
		Debug|Any CPU = Debug|Any CPU
		DVD-5|Any CPU = DVD-5|Any CPU
		Release|Any CPU = Release|Any CPU
		SingleImage|Any CPU = SingleImage|Any CPU
	EndGlobalSection
	GlobalSection(ProjectConfigurationPlatforms) = postSolution
		{4EA291D0-9940-4ED3-AC51-AFF8E81760B7}.CD_ROM|Any CPU.ActiveCfg = Release|Any CPU
		{4EA291D0-9940-4ED3-AC51-AFF8E81760B7}.CD_ROM|Any CPU.Build.0 = Release|Any CPU
		{4EA291D0-9940-4ED3-AC51-AFF8E81760B7}.Debug|Any CPU.ActiveCfg = Debug|Any CPU
		{4EA291D0-9940-4ED3-AC51-AFF8E81760B7}.Debug|Any CPU.Build.0 = Debug|Any CPU
		{4EA291D0-9940-4ED3-AC51-AFF8E81760B7}.DVD-5|Any CPU.ActiveCfg = Debug|Any CPU
		{4EA291D0-9940-4ED3-AC51-AFF8E81760B7}.DVD-5|Any CPU.Build.0 = Debug|Any CPU
		{4EA291D0-9940-4ED3-AC51-AFF8E81760B7}.Release|Any CPU.ActiveCfg = Release|Any CPU
		{4EA291D0-9940-4ED3-AC51-AFF8E81760B7}.Release|Any CPU.Build.0 = Release|Any CPU
		{4EA291D0-9940-4ED3-AC51-AFF8E81760B7}.SingleImage|Any CPU.ActiveCfg = Release|Any CPU
		{4EA291D0-9940-4ED3-AC51-AFF8E81760B7}.SingleImage|Any CPU.Build.0 = Release|Any CPU
		{B7B97A67-DDB3-4941-A844-7C0E8986FD20}.CD_ROM|Any CPU.ActiveCfg = Release|Any CPU
		{B7B97A67-DDB3-4941-A844-7C0E8986FD20}.CD_ROM|Any CPU.Build.0 = Release|Any CPU
		{B7B97A67-DDB3-4941-A844-7C0E8986FD20}.Debug|Any CPU.ActiveCfg = Debug|Any CPU
		{B7B97A67-DDB3-4941-A844-7C0E8986FD20}.Debug|Any CPU.Build.0 = Debug|Any CPU
		{B7B97A67-DDB3-4941-A844-7C0E8986FD20}.DVD-5|Any CPU.ActiveCfg = Debug|Any CPU
		{B7B97A67-DDB3-4941-A844-7C0E8986FD20}.DVD-5|Any CPU.Build.0 = Debug|Any CPU
		{B7B97A67-DDB3-4941-A844-7C0E8986FD20}.Release|Any CPU.ActiveCfg = Release|Any CPU
		{B7B97A67-DDB3-4941-A844-7C0E8986FD20}.Release|Any CPU.Build.0 = Release|Any CPU
		{B7B97A67-DDB3-4941-A844-7C0E8986FD20}.SingleImage|Any CPU.ActiveCfg = Release|Any CPU
		{B7B97A67-DDB3-4941-A844-7C0E8986FD20}.SingleImage|Any CPU.Build.0 = Release|Any CPU
		{6787F6A1-7518-4012-9AFF-479543E482E4}.CD_ROM|Any CPU.ActiveCfg = Release|Any CPU
		{6787F6A1-7518-4012-9AFF-479543E482E4}.CD_ROM|Any CPU.Build.0 = Release|Any CPU
		{6787F6A1-7518-4012-9AFF-479543E482E4}.Debug|Any CPU.ActiveCfg = Debug|Any CPU
		{6787F6A1-7518-4012-9AFF-479543E482E4}.Debug|Any CPU.Build.0 = Debug|Any CPU
		{6787F6A1-7518-4012-9AFF-479543E482E4}.DVD-5|Any CPU.ActiveCfg = Debug|Any CPU
		{6787F6A1-7518-4012-9AFF-479543E482E4}.DVD-5|Any CPU.Build.0 = Debug|Any CPU
		{6787F6A1-7518-4012-9AFF-479543E482E4}.Release|Any CPU.ActiveCfg = Release|Any CPU
		{6787F6A1-7518-4012-9AFF-479543E482E4}.Release|Any CPU.Build.0 = Release|Any CPU
		{6787F6A1-7518-4012-9AFF-479543E482E4}.SingleImage|Any CPU.ActiveCfg = Release|Any CPU
		{6787F6A1-7518-4012-9AFF-479543E482E4}.SingleImage|Any CPU.Build.0 = Release|Any CPU
		{A1B37089-F7C5-4D33-839E-A9E249AC9A20}.CD_ROM|Any CPU.ActiveCfg = Release|Any CPU
		{A1B37089-F7C5-4D33-839E-A9E249AC9A20}.CD_ROM|Any CPU.Build.0 = Release|Any CPU
		{A1B37089-F7C5-4D33-839E-A9E249AC9A20}.Debug|Any CPU.ActiveCfg = Debug|Any CPU
		{A1B37089-F7C5-4D33-839E-A9E249AC9A20}.Debug|Any CPU.Build.0 = Debug|Any CPU
		{A1B37089-F7C5-4D33-839E-A9E249AC9A20}.DVD-5|Any CPU.ActiveCfg = Debug|Any CPU
		{A1B37089-F7C5-4D33-839E-A9E249AC9A20}.DVD-5|Any CPU.Build.0 = Debug|Any CPU
		{A1B37089-F7C5-4D33-839E-A9E249AC9A20}.Release|Any CPU.ActiveCfg = Release|Any CPU
		{A1B37089-F7C5-4D33-839E-A9E249AC9A20}.Release|Any CPU.Build.0 = Release|Any CPU
		{A1B37089-F7C5-4D33-839E-A9E249AC9A20}.SingleImage|Any CPU.ActiveCfg = Release|Any CPU
		{A1B37089-F7C5-4D33-839E-A9E249AC9A20}.SingleImage|Any CPU.Build.0 = Release|Any CPU
		{79F33C64-4998-4141-AB6F-2828E246B389}.CD_ROM|Any CPU.ActiveCfg = Release|Any CPU
		{79F33C64-4998-4141-AB6F-2828E246B389}.CD_ROM|Any CPU.Build.0 = Release|Any CPU
		{79F33C64-4998-4141-AB6F-2828E246B389}.Debug|Any CPU.ActiveCfg = Debug|Any CPU
		{79F33C64-4998-4141-AB6F-2828E246B389}.Debug|Any CPU.Build.0 = Debug|Any CPU
		{79F33C64-4998-4141-AB6F-2828E246B389}.DVD-5|Any CPU.ActiveCfg = Debug|Any CPU
		{79F33C64-4998-4141-AB6F-2828E246B389}.DVD-5|Any CPU.Build.0 = Debug|Any CPU
		{79F33C64-4998-4141-AB6F-2828E246B389}.Release|Any CPU.ActiveCfg = Release|Any CPU
		{79F33C64-4998-4141-AB6F-2828E246B389}.Release|Any CPU.Build.0 = Release|Any CPU
		{79F33C64-4998-4141-AB6F-2828E246B389}.SingleImage|Any CPU.ActiveCfg = Release|Any CPU
		{79F33C64-4998-4141-AB6F-2828E246B389}.SingleImage|Any CPU.Build.0 = Release|Any CPU
		{F050CE1A-E168-4981-B552-3EFB46C2F27E}.CD_ROM|Any CPU.ActiveCfg = Release|Any CPU
		{F050CE1A-E168-4981-B552-3EFB46C2F27E}.CD_ROM|Any CPU.Build.0 = Release|Any CPU
		{F050CE1A-E168-4981-B552-3EFB46C2F27E}.Debug|Any CPU.ActiveCfg = Debug|Any CPU
		{F050CE1A-E168-4981-B552-3EFB46C2F27E}.Debug|Any CPU.Build.0 = Debug|Any CPU
		{F050CE1A-E168-4981-B552-3EFB46C2F27E}.DVD-5|Any CPU.ActiveCfg = Debug|Any CPU
		{F050CE1A-E168-4981-B552-3EFB46C2F27E}.DVD-5|Any CPU.Build.0 = Debug|Any CPU
		{F050CE1A-E168-4981-B552-3EFB46C2F27E}.Release|Any CPU.ActiveCfg = Release|Any CPU
		{F050CE1A-E168-4981-B552-3EFB46C2F27E}.Release|Any CPU.Build.0 = Release|Any CPU
		{F050CE1A-E168-4981-B552-3EFB46C2F27E}.SingleImage|Any CPU.ActiveCfg = Release|Any CPU
		{F050CE1A-E168-4981-B552-3EFB46C2F27E}.SingleImage|Any CPU.Build.0 = Release|Any CPU
		{8288B17F-9F9D-44A3-BACF-FCA9585568A9}.CD_ROM|Any CPU.ActiveCfg = Release|Any CPU
		{8288B17F-9F9D-44A3-BACF-FCA9585568A9}.CD_ROM|Any CPU.Build.0 = Release|Any CPU
		{8288B17F-9F9D-44A3-BACF-FCA9585568A9}.Debug|Any CPU.ActiveCfg = Debug|Any CPU
		{8288B17F-9F9D-44A3-BACF-FCA9585568A9}.Debug|Any CPU.Build.0 = Debug|Any CPU
		{8288B17F-9F9D-44A3-BACF-FCA9585568A9}.DVD-5|Any CPU.ActiveCfg = Debug|Any CPU
		{8288B17F-9F9D-44A3-BACF-FCA9585568A9}.DVD-5|Any CPU.Build.0 = Debug|Any CPU
		{8288B17F-9F9D-44A3-BACF-FCA9585568A9}.Release|Any CPU.ActiveCfg = Release|Any CPU
		{8288B17F-9F9D-44A3-BACF-FCA9585568A9}.Release|Any CPU.Build.0 = Release|Any CPU
		{8288B17F-9F9D-44A3-BACF-FCA9585568A9}.SingleImage|Any CPU.ActiveCfg = Release|Any CPU
		{8288B17F-9F9D-44A3-BACF-FCA9585568A9}.SingleImage|Any CPU.Build.0 = Release|Any CPU
		{B59F72B6-304E-4748-83F0-1DB9DC46ACCA}.CD_ROM|Any CPU.ActiveCfg = Release|Any CPU
		{B59F72B6-304E-4748-83F0-1DB9DC46ACCA}.CD_ROM|Any CPU.Build.0 = Release|Any CPU
		{B59F72B6-304E-4748-83F0-1DB9DC46ACCA}.Debug|Any CPU.ActiveCfg = Debug|Any CPU
		{B59F72B6-304E-4748-83F0-1DB9DC46ACCA}.Debug|Any CPU.Build.0 = Debug|Any CPU
		{B59F72B6-304E-4748-83F0-1DB9DC46ACCA}.DVD-5|Any CPU.ActiveCfg = Debug|Any CPU
		{B59F72B6-304E-4748-83F0-1DB9DC46ACCA}.DVD-5|Any CPU.Build.0 = Debug|Any CPU
		{B59F72B6-304E-4748-83F0-1DB9DC46ACCA}.Release|Any CPU.ActiveCfg = Release|Any CPU
		{B59F72B6-304E-4748-83F0-1DB9DC46ACCA}.Release|Any CPU.Build.0 = Release|Any CPU
		{B59F72B6-304E-4748-83F0-1DB9DC46ACCA}.SingleImage|Any CPU.ActiveCfg = Release|Any CPU
		{B59F72B6-304E-4748-83F0-1DB9DC46ACCA}.SingleImage|Any CPU.Build.0 = Release|Any CPU
	EndGlobalSection
	GlobalSection(SolutionProperties) = preSolution
		HideSolutionNode = FALSE
	EndGlobalSection
EndGlobal
